
Microsoft Visual Studio Solution File, Format Version 12.00
# Visual Studio Version 17
VisualStudioVersion = 17.11.35222.181
MinimumVisualStudioVersion = 10.0.40219.1
Project("{FAE04EC0-301F-11D3-BF4B-00C04F79EFBC}") = "Sever", "Sever\Sever.csproj", "{CFCC8D93-5CC6-4F89-8129-51374D36D43A}"
EndProject
Project("{FAE04EC0-301F-11D3-BF4B-00C04F79EFBC}") = "Client", "Client\Client.csproj", "{E0020850-71F0-4E7F-86EE-4F5F68C5AF16}"
EndProject
Global
	GlobalSection(SolutionConfigurationPlatforms) = preSolution
		Debug|Any CPU = Debug|Any CPU
		Release|Any CPU = Release|Any CPU
	EndGlobalSection
	GlobalSection(ProjectConfigurationPlatforms) = postSolution
		{CFCC8D93-5CC6-4F89-8129-51374D36D43A}.Debug|Any CPU.ActiveCfg = Debug|Any CPU
		{CFCC8D93-5CC6-4F89-8129-51374D36D43A}.Debug|Any CPU.Build.0 = Debug|Any CPU
		{CFCC8D93-5CC6-4F89-8129-51374D36D43A}.Release|Any CPU.ActiveCfg = Release|Any CPU
		{CFCC8D93-5CC6-4F89-8129-51374D36D43A}.Release|Any CPU.Build.0 = Release|Any CPU
		{E0020850-71F0-4E7F-86EE-4F5F68C5AF16}.Debug|Any CPU.ActiveCfg = Debug|Any CPU
		{E0020850-71F0-4E7F-86EE-4F5F68C5AF16}.Debug|Any CPU.Build.0 = Debug|Any CPU
		{E0020850-71F0-4E7F-86EE-4F5F68C5AF16}.Release|Any CPU.ActiveCfg = Release|Any CPU
		{E0020850-71F0-4E7F-86EE-4F5F68C5AF16}.Release|Any CPU.Build.0 = Release|Any CPU
	EndGlobalSection
	GlobalSection(SolutionProperties) = preSolution
		HideSolutionNode = FALSE
	EndGlobalSection
	GlobalSection(ExtensibilityGlobals) = postSolution
		SolutionGuid = {2FD7B75B-8EDE-48C4-B040-5381C1836DED}
	EndGlobalSection
EndGlobal
