
Microsoft Visual Studio Solution File, Format Version 12.00
# Visual Studio Version 17
VisualStudioVersion = 17.12.35309.182
MinimumVisualStudioVersion = 10.0.40219.1
Project("{FAE04EC0-301F-11D3-BF4B-00C04F79EFBC}") = "Server", "TCPPrivateChat\Server.csproj", "{1B8CE64E-E01E-4128-9FFD-AC3AEC828ACC}"
EndProject
Project("{FAE04EC0-301F-11D3-BF4B-00C04F79EFBC}") = "Client", "Client\Client.csproj", "{3D847826-F741-4BBF-B122-13647B91741A}"
EndProject
Global
	GlobalSection(SolutionConfigurationPlatforms) = preSolution
		Debug|Any CPU = Debug|Any CPU
		Release|Any CPU = Release|Any CPU
	EndGlobalSection
	GlobalSection(ProjectConfigurationPlatforms) = postSolution
		{1B8CE64E-E01E-4128-9FFD-AC3AEC828ACC}.Debug|Any CPU.ActiveCfg = Debug|Any CPU
		{1B8CE64E-E01E-4128-9FFD-AC3AEC828ACC}.Debug|Any CPU.Build.0 = Debug|Any CPU
		{1B8CE64E-E01E-4128-9FFD-AC3AEC828ACC}.Release|Any CPU.ActiveCfg = Release|Any CPU
		{1B8CE64E-E01E-4128-9FFD-AC3AEC828ACC}.Release|Any CPU.Build.0 = Release|Any CPU
		{3D847826-F741-4BBF-B122-13647B91741A}.Debug|Any CPU.ActiveCfg = Debug|Any CPU
		{3D847826-F741-4BBF-B122-13647B91741A}.Debug|Any CPU.Build.0 = Debug|Any CPU
		{3D847826-F741-4BBF-B122-13647B91741A}.Release|Any CPU.ActiveCfg = Release|Any CPU
		{3D847826-F741-4BBF-B122-13647B91741A}.Release|Any CPU.Build.0 = Release|Any CPU
	EndGlobalSection
	GlobalSection(SolutionProperties) = preSolution
		HideSolutionNode = FALSE
	EndGlobalSection
	GlobalSection(ExtensibilityGlobals) = postSolution
		SolutionGuid = {4B8A7288-E391-4222-BD73-96C72FB09EB5}
	EndGlobalSection
EndGlobal
