
Microsoft Visual Studio Solution File, Format Version 12.00
# Visual Studio Version 17
VisualStudioVersion = 17.11.35222.181
MinimumVisualStudioVersion = 10.0.40219.1
Project("{FAE04EC0-301F-11D3-BF4B-00C04F79EFBC}") = "UDPChatClient", "UDPChatClient\UDPChatClient.csproj", "{ADA0B21D-60BA-4FA5-9A7D-95E34377D21D}"
EndProject
Project("{FAE04EC0-301F-11D3-BF4B-00C04F79EFBC}") = "UDPChatServer", "UDPChatServer\UDPChatServer.csproj", "{32711B2E-1FEB-4FC6-83F1-623397B18B37}"
EndProject
Global
	GlobalSection(SolutionConfigurationPlatforms) = preSolution
		Debug|Any CPU = Debug|Any CPU
		Release|Any CPU = Release|Any CPU
	EndGlobalSection
	GlobalSection(ProjectConfigurationPlatforms) = postSolution
		{ADA0B21D-60BA-4FA5-9A7D-95E34377D21D}.Debug|Any CPU.ActiveCfg = Debug|Any CPU
		{ADA0B21D-60BA-4FA5-9A7D-95E34377D21D}.Debug|Any CPU.Build.0 = Debug|Any CPU
		{ADA0B21D-60BA-4FA5-9A7D-95E34377D21D}.Release|Any CPU.ActiveCfg = Release|Any CPU
		{ADA0B21D-60BA-4FA5-9A7D-95E34377D21D}.Release|Any CPU.Build.0 = Release|Any CPU
		{32711B2E-1FEB-4FC6-83F1-623397B18B37}.Debug|Any CPU.ActiveCfg = Debug|Any CPU
		{32711B2E-1FEB-4FC6-83F1-623397B18B37}.Debug|Any CPU.Build.0 = Debug|Any CPU
		{32711B2E-1FEB-4FC6-83F1-623397B18B37}.Release|Any CPU.ActiveCfg = Release|Any CPU
		{32711B2E-1FEB-4FC6-83F1-623397B18B37}.Release|Any CPU.Build.0 = Release|Any CPU
	EndGlobalSection
	GlobalSection(SolutionProperties) = preSolution
		HideSolutionNode = FALSE
	EndGlobalSection
	GlobalSection(ExtensibilityGlobals) = postSolution
		SolutionGuid = {BB9233E4-32DD-4D48-9B85-A4217011E450}
	EndGlobalSection
EndGlobal
